# This file is automatically @generated by Cargo.
# It is not intended for manual editing.
[[package]]
name = "libc"
version = "0.2.69"
source = "registry+https://github.com/rust-lang/crates.io-index"
checksum = "99e85c08494b21a9054e7fe1374a732aeadaff3980b6990b94bfd3a70f690005"

[[package]]
name = "libpulse-binding"
version = "2.16.0"
source = "registry+https://github.com/rust-lang/crates.io-index"
checksum = "35b35c3c377b537d044107ff0830b4e5ae32a5c106289977a04b3387a143e994"
dependencies = [
 "libc",
 "libpulse-sys",
 "winapi",
]

[[package]]
name = "libpulse-simple-binding"
version = "2.16.0"
source = "registry+https://github.com/rust-lang/crates.io-index"
checksum = "a4ef3ce750cdbce60fc96aac1f6dad84d67419d2307a05a27b73700f1f5d33e0"
dependencies = [
 "libpulse-binding",
 "libpulse-simple-sys",
 "libpulse-sys",
]

[[package]]
name = "libpulse-simple-sys"
version = "1.13.0"
source = "registry+https://github.com/rust-lang/crates.io-index"
checksum = "88d5e2cc71fee20c6ce410f3cc7430f067d5c63a5c3b11ea7e45cce1bfae19bd"
dependencies = [
 "libpulse-sys",
 "pkg-config",
]

[[package]]
name = "libpulse-sys"
version = "1.13.0"
source = "registry+https://github.com/rust-lang/crates.io-index"
checksum = "b4c5aecc8dd651c60c212267ef9599a6be8765e63509816695f96a91b1e06151"
dependencies = [
 "libc",
 "pkg-config",
 "winapi",
]

[[package]]
name = "pkg-config"
version = "0.3.17"
source = "registry+https://github.com/rust-lang/crates.io-index"
checksum = "05da548ad6865900e60eaba7f589cc0783590a92e940c26953ff81ddbab2d677"

[[package]]
name = "rsynth"
version = "0.1.0"
dependencies = [
 "libpulse-binding",
 "libpulse-simple-binding",
]

[[package]]
name = "winapi"
version = "0.3.8"
source = "registry+https://github.com/rust-lang/crates.io-index"
checksum = "8093091eeb260906a183e6ae1abdba2ef5ef2257a21801128899c3fc699229c6"
dependencies = [
 "winapi-i686-pc-windows-gnu",
 "winapi-x86_64-pc-windows-gnu",
]

[[package]]
name = "winapi-i686-pc-windows-gnu"
version = "0.4.0"
source = "registry+https://github.com/rust-lang/crates.io-index"
checksum = "ac3b87c63620426dd9b991e5ce0329eff545bccbbb34f3be09ff6fb6ab51b7b6"

[[package]]
name = "winapi-x86_64-pc-windows-gnu"
version = "0.4.0"
source = "registry+https://github.com/rust-lang/crates.io-index"
checksum = "712e227841d057c1ee1cd2fb22fa7e5a5461ae8e48fa2ca79ec42cfc1931183f"
